
Microsoft Visual Studio Solution File, Format Version 12.00
# Visual Studio Version 17
VisualStudioVersion = 17.6.33829.357
MinimumVisualStudioVersion = 10.0.40219.1
Project("{FAE04EC0-301F-11D3-BF4B-00C04F79EFBC}") = "LeetCode43", "LeetCode43\LeetCode43.csproj", "{A41EADF3-EE8B-494E-9BE7-ABAA07AEAF08}"
EndProject
Global
	GlobalSection(SolutionConfigurationPlatforms) = preSolution
		Debug|Any CPU = Debug|Any CPU
		Release|Any CPU = Release|Any CPU
	EndGlobalSection
	GlobalSection(ProjectConfigurationPlatforms) = postSolution
		{A41EADF3-EE8B-494E-9BE7-ABAA07AEAF08}.Debug|Any CPU.ActiveCfg = Debug|Any CPU
		{A41EADF3-EE8B-494E-9BE7-ABAA07AEAF08}.Debug|Any CPU.Build.0 = Debug|Any CPU
		{A41EADF3-EE8B-494E-9BE7-ABAA07AEAF08}.Release|Any CPU.ActiveCfg = Release|Any CPU
		{A41EADF3-EE8B-494E-9BE7-ABAA07AEAF08}.Release|Any CPU.Build.0 = Release|Any CPU
	EndGlobalSection
	GlobalSection(SolutionProperties) = preSolution
		HideSolutionNode = FALSE
	EndGlobalSection
	GlobalSection(ExtensibilityGlobals) = postSolution
		SolutionGuid = {E596B023-ECC3-4942-BE39-DCA83F11CA05}
	EndGlobalSection
EndGlobal
