
Microsoft Visual Studio Solution File, Format Version 12.00
# Visual Studio Version 17
VisualStudioVersion = 17.7.34018.315
MinimumVisualStudioVersion = 10.0.40219.1
Project("{FAE04EC0-301F-11D3-BF4B-00C04F79EFBC}") = "LeetCode2483", "LeetCode2483\LeetCode2483.csproj", "{2456D0BE-807E-450F-82D3-9B4011956714}"
EndProject
Global
	GlobalSection(SolutionConfigurationPlatforms) = preSolution
		Debug|Any CPU = Debug|Any CPU
		Release|Any CPU = Release|Any CPU
	EndGlobalSection
	GlobalSection(ProjectConfigurationPlatforms) = postSolution
		{2456D0BE-807E-450F-82D3-9B4011956714}.Debug|Any CPU.ActiveCfg = Debug|Any CPU
		{2456D0BE-807E-450F-82D3-9B4011956714}.Debug|Any CPU.Build.0 = Debug|Any CPU
		{2456D0BE-807E-450F-82D3-9B4011956714}.Release|Any CPU.ActiveCfg = Release|Any CPU
		{2456D0BE-807E-450F-82D3-9B4011956714}.Release|Any CPU.Build.0 = Release|Any CPU
	EndGlobalSection
	GlobalSection(SolutionProperties) = preSolution
		HideSolutionNode = FALSE
	EndGlobalSection
	GlobalSection(ExtensibilityGlobals) = postSolution
		SolutionGuid = {E6CFD217-4511-4966-A6C4-23DB005ADD20}
	EndGlobalSection
EndGlobal
