
Microsoft Visual Studio Solution File, Format Version 12.00
# Visual Studio Version 17
VisualStudioVersion = 17.6.33829.357
MinimumVisualStudioVersion = 10.0.40219.1
Project("{FAE04EC0-301F-11D3-BF4B-00C04F79EFBC}") = "LeetCode74", "LeetCode74\LeetCode74.csproj", "{AE992ED5-02E2-4144-B8FA-C513BE329279}"
EndProject
Global
	GlobalSection(SolutionConfigurationPlatforms) = preSolution
		Debug|Any CPU = Debug|Any CPU
		Release|Any CPU = Release|Any CPU
	EndGlobalSection
	GlobalSection(ProjectConfigurationPlatforms) = postSolution
		{AE992ED5-02E2-4144-B8FA-C513BE329279}.Debug|Any CPU.ActiveCfg = Debug|Any CPU
		{AE992ED5-02E2-4144-B8FA-C513BE329279}.Debug|Any CPU.Build.0 = Debug|Any CPU
		{AE992ED5-02E2-4144-B8FA-C513BE329279}.Release|Any CPU.ActiveCfg = Release|Any CPU
		{AE992ED5-02E2-4144-B8FA-C513BE329279}.Release|Any CPU.Build.0 = Release|Any CPU
	EndGlobalSection
	GlobalSection(SolutionProperties) = preSolution
		HideSolutionNode = FALSE
	EndGlobalSection
	GlobalSection(ExtensibilityGlobals) = postSolution
		SolutionGuid = {B1C1FFBC-1D4B-4834-B0DC-9F87E9214AB5}
	EndGlobalSection
EndGlobal
