
Microsoft Visual Studio Solution File, Format Version 12.00
# Visual Studio Version 17
VisualStudioVersion = 17.6.33829.357
MinimumVisualStudioVersion = 10.0.40219.1
Project("{FAE04EC0-301F-11D3-BF4B-00C04F79EFBC}") = "LeetCode767", "LeetCode767\LeetCode767.csproj", "{A3FD8F2A-D723-4BDE-BB5A-F7178E3F48F0}"
EndProject
Global
	GlobalSection(SolutionConfigurationPlatforms) = preSolution
		Debug|Any CPU = Debug|Any CPU
		Release|Any CPU = Release|Any CPU
	EndGlobalSection
	GlobalSection(ProjectConfigurationPlatforms) = postSolution
		{A3FD8F2A-D723-4BDE-BB5A-F7178E3F48F0}.Debug|Any CPU.ActiveCfg = Debug|Any CPU
		{A3FD8F2A-D723-4BDE-BB5A-F7178E3F48F0}.Debug|Any CPU.Build.0 = Debug|Any CPU
		{A3FD8F2A-D723-4BDE-BB5A-F7178E3F48F0}.Release|Any CPU.ActiveCfg = Release|Any CPU
		{A3FD8F2A-D723-4BDE-BB5A-F7178E3F48F0}.Release|Any CPU.Build.0 = Release|Any CPU
	EndGlobalSection
	GlobalSection(SolutionProperties) = preSolution
		HideSolutionNode = FALSE
	EndGlobalSection
	GlobalSection(ExtensibilityGlobals) = postSolution
		SolutionGuid = {3ADAF29F-D1A2-4DCA-9900-6940451E3E42}
	EndGlobalSection
EndGlobal
