
Microsoft Visual Studio Solution File, Format Version 12.00
# Visual Studio Version 17
VisualStudioVersion = 17.6.33829.357
MinimumVisualStudioVersion = 10.0.40219.1
Project("{FAE04EC0-301F-11D3-BF4B-00C04F79EFBC}") = "LeetCode347", "LeetCode347\LeetCode347.csproj", "{2A1268AE-F4C9-485B-A440-9547788D8B4A}"
EndProject
Global
	GlobalSection(SolutionConfigurationPlatforms) = preSolution
		Debug|Any CPU = Debug|Any CPU
		Release|Any CPU = Release|Any CPU
	EndGlobalSection
	GlobalSection(ProjectConfigurationPlatforms) = postSolution
		{2A1268AE-F4C9-485B-A440-9547788D8B4A}.Debug|Any CPU.ActiveCfg = Debug|Any CPU
		{2A1268AE-F4C9-485B-A440-9547788D8B4A}.Debug|Any CPU.Build.0 = Debug|Any CPU
		{2A1268AE-F4C9-485B-A440-9547788D8B4A}.Release|Any CPU.ActiveCfg = Release|Any CPU
		{2A1268AE-F4C9-485B-A440-9547788D8B4A}.Release|Any CPU.Build.0 = Release|Any CPU
	EndGlobalSection
	GlobalSection(SolutionProperties) = preSolution
		HideSolutionNode = FALSE
	EndGlobalSection
	GlobalSection(ExtensibilityGlobals) = postSolution
		SolutionGuid = {8D0EE3B2-73B2-4204-9A68-6340967622E8}
	EndGlobalSection
EndGlobal
