
Microsoft Visual Studio Solution File, Format Version 12.00
# Visual Studio Version 17
VisualStudioVersion = 17.6.33829.357
MinimumVisualStudioVersion = 10.0.40219.1
Project("{FAE04EC0-301F-11D3-BF4B-00C04F79EFBC}") = "LeetCode22", "LeetCode22\LeetCode22.csproj", "{91081556-E77B-463D-837C-23E013F33FA2}"
EndProject
Global
	GlobalSection(SolutionConfigurationPlatforms) = preSolution
		Debug|Any CPU = Debug|Any CPU
		Release|Any CPU = Release|Any CPU
	EndGlobalSection
	GlobalSection(ProjectConfigurationPlatforms) = postSolution
		{91081556-E77B-463D-837C-23E013F33FA2}.Debug|Any CPU.ActiveCfg = Debug|Any CPU
		{91081556-E77B-463D-837C-23E013F33FA2}.Debug|Any CPU.Build.0 = Debug|Any CPU
		{91081556-E77B-463D-837C-23E013F33FA2}.Release|Any CPU.ActiveCfg = Release|Any CPU
		{91081556-E77B-463D-837C-23E013F33FA2}.Release|Any CPU.Build.0 = Release|Any CPU
	EndGlobalSection
	GlobalSection(SolutionProperties) = preSolution
		HideSolutionNode = FALSE
	EndGlobalSection
	GlobalSection(ExtensibilityGlobals) = postSolution
		SolutionGuid = {A2724E98-7444-47FA-BE6B-D0662E8839FB}
	EndGlobalSection
EndGlobal
